
Microsoft Visual Studio Solution File, Format Version 12.00
# Visual Studio Version 17
VisualStudioVersion = 17.0.31903.59
MinimumVisualStudioVersion = 10.0.40219.1
Project("{2150E333-8FDC-42A3-9474-1A3956D46DE8}") = "src", "src", "{EB68DAD7-E8F2-4ADA-9EE1-FCA7C073E3CB}"
EndProject
Project("{FAE04EC0-301F-11D3-BF4B-00C04F79EFBC}") = "CustomerApi", "src\CustomerApi\CustomerApi.csproj", "{0E5404B4-EF6C-4CED-8022-3405EA38302A}"
EndProject
Project("{2150E333-8FDC-42A3-9474-1A3956D46DE8}") = "tests", "tests", "{E4ABA851-A87A-47FF-9FFF-869E413D3452}"
EndProject
Project("{FAE04EC0-301F-11D3-BF4B-00C04F79EFBC}") = "CustomerApi.Tests", "tests\CustomerApi.Tests\CustomerApi.Tests.csproj", "{F0926993-269D-4FFA-81A1-D9923C07698A}"
EndProject
Global
	GlobalSection(SolutionConfigurationPlatforms) = preSolution
		Debug|Any CPU = Debug|Any CPU
		Release|Any CPU = Release|Any CPU
	EndGlobalSection
	GlobalSection(SolutionProperties) = preSolution
		HideSolutionNode = FALSE
	EndGlobalSection
	GlobalSection(ProjectConfigurationPlatforms) = postSolution
		{0E5404B4-EF6C-4CED-8022-3405EA38302A}.Debug|Any CPU.ActiveCfg = Debug|Any CPU
		{0E5404B4-EF6C-4CED-8022-3405EA38302A}.Debug|Any CPU.Build.0 = Debug|Any CPU
		{0E5404B4-EF6C-4CED-8022-3405EA38302A}.Release|Any CPU.ActiveCfg = Release|Any CPU
		{0E5404B4-EF6C-4CED-8022-3405EA38302A}.Release|Any CPU.Build.0 = Release|Any CPU
		{F0926993-269D-4FFA-81A1-D9923C07698A}.Debug|Any CPU.ActiveCfg = Debug|Any CPU
		{F0926993-269D-4FFA-81A1-D9923C07698A}.Debug|Any CPU.Build.0 = Debug|Any CPU
		{F0926993-269D-4FFA-81A1-D9923C07698A}.Release|Any CPU.ActiveCfg = Release|Any CPU
		{F0926993-269D-4FFA-81A1-D9923C07698A}.Release|Any CPU.Build.0 = Release|Any CPU
	EndGlobalSection
	GlobalSection(NestedProjects) = preSolution
		{0E5404B4-EF6C-4CED-8022-3405EA38302A} = {EB68DAD7-E8F2-4ADA-9EE1-FCA7C073E3CB}
		{F0926993-269D-4FFA-81A1-D9923C07698A} = {E4ABA851-A87A-47FF-9FFF-869E413D3452}
	EndGlobalSection
EndGlobal
